
Microsoft Visual Studio Solution File, Format Version 12.00
# Visual Studio 2012
Project("{FAE04EC0-301F-11D3-BF4B-00C04F79EFBC}") = "LightsOut", "LightsOut\LightsOut.csproj", "{DB34E9C6-59E1-4313-B8BF-CE6039EEAAE9}"
EndProject
Global
	GlobalSection(SolutionConfigurationPlatforms) = preSolution
		Debug|Any CPU = Debug|Any CPU
		Release|Any CPU = Release|Any CPU
	EndGlobalSection
	GlobalSection(ProjectConfigurationPlatforms) = postSolution
		{DB34E9C6-59E1-4313-B8BF-CE6039EEAAE9}.Debug|Any CPU.ActiveCfg = Debug|Any CPU
		{DB34E9C6-59E1-4313-B8BF-CE6039EEAAE9}.Debug|Any CPU.Build.0 = Debug|Any CPU
		{DB34E9C6-59E1-4313-B8BF-CE6039EEAAE9}.Release|Any CPU.ActiveCfg = Release|Any CPU
		{DB34E9C6-59E1-4313-B8BF-CE6039EEAAE9}.Release|Any CPU.Build.0 = Release|Any CPU
	EndGlobalSection
EndGlobal
